
Microsoft Visual Studio Solution File, Format Version 12.00
# Visual Studio Version 17
VisualStudioVersion = 17.7.34024.191
MinimumVisualStudioVersion = 10.0.40219.1
Project("{FAE04EC0-301F-11D3-BF4B-00C04F79EFBC}") = "Tyuiu.PolyantsevEI.Sprint3.Task0.V14", "Tyuiu.PolyantsevEI.Sprint3.Task0.V14\Tyuiu.PolyantsevEI.Sprint3.Task0.V14.csproj", "{1F300F77-AF33-47D4-942E-2F30B191E429}"
EndProject
Project("{2150E333-8FDC-42A3-9474-1A3956D46DE8}") = "Task0", "Task0", "{8AEBD9E1-E9D6-499B-B105-48C6B54D9A1E}"
EndProject
Project("{FAE04EC0-301F-11D3-BF4B-00C04F79EFBC}") = "Tyuiu.PolyantsevEI.Sprint3.Task0.V14.Lib", "Tyuiu.PolyantsevEI.Sprint3.Task0.V14.Lib\Tyuiu.PolyantsevEI.Sprint3.Task0.V14.Lib.csproj", "{A73A0772-7D5A-4611-ABD3-5B6560333CE3}"
EndProject
Project("{FAE04EC0-301F-11D3-BF4B-00C04F79EFBC}") = "Tyuiu.PolyantsevEI.Sprint3.Task0.V14.Test", "Tyuiu.PolyantsevEI.Sprint3.Task0.V14.Test\Tyuiu.PolyantsevEI.Sprint3.Task0.V14.Test.csproj", "{4CA43D7C-9255-4AE9-BE9F-E047DC015A16}"
EndProject
Project("{2150E333-8FDC-42A3-9474-1A3956D46DE8}") = "Task1", "Task1", "{F43D5030-43E5-4848-838F-DB09A555A39F}"
EndProject
Project("{FAE04EC0-301F-11D3-BF4B-00C04F79EFBC}") = "Tyuiu.PolyantsevEI.Sprint3.Task1.V24", "Tyuiu.PolyantsevEI.Sprint3.Task1.V24\Tyuiu.PolyantsevEI.Sprint3.Task1.V24.csproj", "{CAB7E9B3-FEF6-4D74-A8E6-801C01EE66B3}"
EndProject
Project("{FAE04EC0-301F-11D3-BF4B-00C04F79EFBC}") = "Tyuiu.PolyantsevEI.Sprint3.Task1.V24.Lib", "Tyuiu.PolyantsevEI.Sprint3.Task1.V24.Lib\Tyuiu.PolyantsevEI.Sprint3.Task1.V24.Lib.csproj", "{F5C15E5E-EF16-4075-BC51-AD1C203A8281}"
EndProject
Project("{FAE04EC0-301F-11D3-BF4B-00C04F79EFBC}") = "Tyuiu.PolyantsevEI.Sprint3.Task1.V24.Test", "Tyuiu.PolyantsevEI.Sprint3.Task1.V24.Test\Tyuiu.PolyantsevEI.Sprint3.Task1.V24.Test.csproj", "{DC50F0DE-D4D2-4321-B4FF-6E089D604FE4}"
EndProject
Project("{2150E333-8FDC-42A3-9474-1A3956D46DE8}") = "Task2", "Task2", "{5D3F23D6-7514-476B-8AD3-B6CAC480683C}"
EndProject
Project("{FAE04EC0-301F-11D3-BF4B-00C04F79EFBC}") = "Tyuiu.PolyantsevEI.Sprint3.Task2.V13", "Tyuiu.PolyantsevEI.Sprint3.Task2.V13\Tyuiu.PolyantsevEI.Sprint3.Task2.V13.csproj", "{E4978A43-F3E2-4E29-890C-4B374D60A21B}"
EndProject
Project("{FAE04EC0-301F-11D3-BF4B-00C04F79EFBC}") = "Tyuiu.PolyantsevEI.Sprint3.Task2.V13.Lib", "Tyuiu.PolyantsevEI.Sprint3.Task2.V13.Lib\Tyuiu.PolyantsevEI.Sprint3.Task2.V13.Lib.csproj", "{6D431B4C-D32D-43B9-BB0E-E83873F4A4CD}"
EndProject
Project("{FAE04EC0-301F-11D3-BF4B-00C04F79EFBC}") = "Tyuiu.PolyantsevEI.Sprint3.Task2.V13.Test", "Tyuiu.PolyantsevEI.Sprint3.Task2.V13.Test\Tyuiu.PolyantsevEI.Sprint3.Task2.V13.Test.csproj", "{643A9296-C770-48E8-AC69-F4D3DBB1BB1C}"
EndProject
Project("{2150E333-8FDC-42A3-9474-1A3956D46DE8}") = "Task3", "Task3", "{972CB031-5640-4D41-9517-F0DCD41D3D2D}"
EndProject
Project("{FAE04EC0-301F-11D3-BF4B-00C04F79EFBC}") = "Tyuiu.PolyantsevEI.Sprint3.Task3.V21", "Tyuiu.PolyantsevEI.Sprint3.Task3.V21\Tyuiu.PolyantsevEI.Sprint3.Task3.V21.csproj", "{12C0E05C-91A7-447D-A2EC-F78E0B09BAC8}"
EndProject
Project("{FAE04EC0-301F-11D3-BF4B-00C04F79EFBC}") = "Tyuiu.PolyantsevEI.Sprint3.Task3.V21.Lib", "Tyuiu.PolyantsevEI.Sprint3.Task3.V21.Lib\Tyuiu.PolyantsevEI.Sprint3.Task3.V21.Lib.csproj", "{6DED8E92-1963-4D26-A129-0F6CA7BBBECC}"
EndProject
Project("{FAE04EC0-301F-11D3-BF4B-00C04F79EFBC}") = "Tyuiu.PolyantsevEI.Sprint3.Task3.V21.Test", "Tyuiu.PolyantsevEI.Sprint3.Task3.V21.Test\Tyuiu.PolyantsevEI.Sprint3.Task3.V21.Test.csproj", "{76E49F35-0F80-4F54-8017-E015E49D4162}"
EndProject
Global
	GlobalSection(SolutionConfigurationPlatforms) = preSolution
		Debug|Any CPU = Debug|Any CPU
		Release|Any CPU = Release|Any CPU
	EndGlobalSection
	GlobalSection(ProjectConfigurationPlatforms) = postSolution
		{1F300F77-AF33-47D4-942E-2F30B191E429}.Debug|Any CPU.ActiveCfg = Debug|Any CPU
		{1F300F77-AF33-47D4-942E-2F30B191E429}.Debug|Any CPU.Build.0 = Debug|Any CPU
		{1F300F77-AF33-47D4-942E-2F30B191E429}.Release|Any CPU.ActiveCfg = Release|Any CPU
		{1F300F77-AF33-47D4-942E-2F30B191E429}.Release|Any CPU.Build.0 = Release|Any CPU
		{A73A0772-7D5A-4611-ABD3-5B6560333CE3}.Debug|Any CPU.ActiveCfg = Debug|Any CPU
		{A73A0772-7D5A-4611-ABD3-5B6560333CE3}.Debug|Any CPU.Build.0 = Debug|Any CPU
		{A73A0772-7D5A-4611-ABD3-5B6560333CE3}.Release|Any CPU.ActiveCfg = Release|Any CPU
		{A73A0772-7D5A-4611-ABD3-5B6560333CE3}.Release|Any CPU.Build.0 = Release|Any CPU
		{4CA43D7C-9255-4AE9-BE9F-E047DC015A16}.Debug|Any CPU.ActiveCfg = Debug|Any CPU
		{4CA43D7C-9255-4AE9-BE9F-E047DC015A16}.Debug|Any CPU.Build.0 = Debug|Any CPU
		{4CA43D7C-9255-4AE9-BE9F-E047DC015A16}.Release|Any CPU.ActiveCfg = Release|Any CPU
		{4CA43D7C-9255-4AE9-BE9F-E047DC015A16}.Release|Any CPU.Build.0 = Release|Any CPU
		{CAB7E9B3-FEF6-4D74-A8E6-801C01EE66B3}.Debug|Any CPU.ActiveCfg = Debug|Any CPU
		{CAB7E9B3-FEF6-4D74-A8E6-801C01EE66B3}.Debug|Any CPU.Build.0 = Debug|Any CPU
		{CAB7E9B3-FEF6-4D74-A8E6-801C01EE66B3}.Release|Any CPU.ActiveCfg = Release|Any CPU
		{CAB7E9B3-FEF6-4D74-A8E6-801C01EE66B3}.Release|Any CPU.Build.0 = Release|Any CPU
		{F5C15E5E-EF16-4075-BC51-AD1C203A8281}.Debug|Any CPU.ActiveCfg = Debug|Any CPU
		{F5C15E5E-EF16-4075-BC51-AD1C203A8281}.Debug|Any CPU.Build.0 = Debug|Any CPU
		{F5C15E5E-EF16-4075-BC51-AD1C203A8281}.Release|Any CPU.ActiveCfg = Release|Any CPU
		{F5C15E5E-EF16-4075-BC51-AD1C203A8281}.Release|Any CPU.Build.0 = Release|Any CPU
		{DC50F0DE-D4D2-4321-B4FF-6E089D604FE4}.Debug|Any CPU.ActiveCfg = Debug|Any CPU
		{DC50F0DE-D4D2-4321-B4FF-6E089D604FE4}.Debug|Any CPU.Build.0 = Debug|Any CPU
		{DC50F0DE-D4D2-4321-B4FF-6E089D604FE4}.Release|Any CPU.ActiveCfg = Release|Any CPU
		{DC50F0DE-D4D2-4321-B4FF-6E089D604FE4}.Release|Any CPU.Build.0 = Release|Any CPU
		{E4978A43-F3E2-4E29-890C-4B374D60A21B}.Debug|Any CPU.ActiveCfg = Debug|Any CPU
		{E4978A43-F3E2-4E29-890C-4B374D60A21B}.Debug|Any CPU.Build.0 = Debug|Any CPU
		{E4978A43-F3E2-4E29-890C-4B374D60A21B}.Release|Any CPU.ActiveCfg = Release|Any CPU
		{E4978A43-F3E2-4E29-890C-4B374D60A21B}.Release|Any CPU.Build.0 = Release|Any CPU
		{6D431B4C-D32D-43B9-BB0E-E83873F4A4CD}.Debug|Any CPU.ActiveCfg = Debug|Any CPU
		{6D431B4C-D32D-43B9-BB0E-E83873F4A4CD}.Debug|Any CPU.Build.0 = Debug|Any CPU
		{6D431B4C-D32D-43B9-BB0E-E83873F4A4CD}.Release|Any CPU.ActiveCfg = Release|Any CPU
		{6D431B4C-D32D-43B9-BB0E-E83873F4A4CD}.Release|Any CPU.Build.0 = Release|Any CPU
		{643A9296-C770-48E8-AC69-F4D3DBB1BB1C}.Debug|Any CPU.ActiveCfg = Debug|Any CPU
		{643A9296-C770-48E8-AC69-F4D3DBB1BB1C}.Debug|Any CPU.Build.0 = Debug|Any CPU
		{643A9296-C770-48E8-AC69-F4D3DBB1BB1C}.Release|Any CPU.ActiveCfg = Release|Any CPU
		{643A9296-C770-48E8-AC69-F4D3DBB1BB1C}.Release|Any CPU.Build.0 = Release|Any CPU
		{12C0E05C-91A7-447D-A2EC-F78E0B09BAC8}.Debug|Any CPU.ActiveCfg = Debug|Any CPU
		{12C0E05C-91A7-447D-A2EC-F78E0B09BAC8}.Debug|Any CPU.Build.0 = Debug|Any CPU
		{12C0E05C-91A7-447D-A2EC-F78E0B09BAC8}.Release|Any CPU.ActiveCfg = Release|Any CPU
		{12C0E05C-91A7-447D-A2EC-F78E0B09BAC8}.Release|Any CPU.Build.0 = Release|Any CPU
		{6DED8E92-1963-4D26-A129-0F6CA7BBBECC}.Debug|Any CPU.ActiveCfg = Debug|Any CPU
		{6DED8E92-1963-4D26-A129-0F6CA7BBBECC}.Debug|Any CPU.Build.0 = Debug|Any CPU
		{6DED8E92-1963-4D26-A129-0F6CA7BBBECC}.Release|Any CPU.ActiveCfg = Release|Any CPU
		{6DED8E92-1963-4D26-A129-0F6CA7BBBECC}.Release|Any CPU.Build.0 = Release|Any CPU
		{76E49F35-0F80-4F54-8017-E015E49D4162}.Debug|Any CPU.ActiveCfg = Debug|Any CPU
		{76E49F35-0F80-4F54-8017-E015E49D4162}.Debug|Any CPU.Build.0 = Debug|Any CPU
		{76E49F35-0F80-4F54-8017-E015E49D4162}.Release|Any CPU.ActiveCfg = Release|Any CPU
		{76E49F35-0F80-4F54-8017-E015E49D4162}.Release|Any CPU.Build.0 = Release|Any CPU
	EndGlobalSection
	GlobalSection(SolutionProperties) = preSolution
		HideSolutionNode = FALSE
	EndGlobalSection
	GlobalSection(NestedProjects) = preSolution
		{1F300F77-AF33-47D4-942E-2F30B191E429} = {8AEBD9E1-E9D6-499B-B105-48C6B54D9A1E}
		{A73A0772-7D5A-4611-ABD3-5B6560333CE3} = {8AEBD9E1-E9D6-499B-B105-48C6B54D9A1E}
		{4CA43D7C-9255-4AE9-BE9F-E047DC015A16} = {8AEBD9E1-E9D6-499B-B105-48C6B54D9A1E}
		{CAB7E9B3-FEF6-4D74-A8E6-801C01EE66B3} = {F43D5030-43E5-4848-838F-DB09A555A39F}
		{F5C15E5E-EF16-4075-BC51-AD1C203A8281} = {F43D5030-43E5-4848-838F-DB09A555A39F}
		{DC50F0DE-D4D2-4321-B4FF-6E089D604FE4} = {F43D5030-43E5-4848-838F-DB09A555A39F}
		{E4978A43-F3E2-4E29-890C-4B374D60A21B} = {5D3F23D6-7514-476B-8AD3-B6CAC480683C}
		{6D431B4C-D32D-43B9-BB0E-E83873F4A4CD} = {5D3F23D6-7514-476B-8AD3-B6CAC480683C}
		{643A9296-C770-48E8-AC69-F4D3DBB1BB1C} = {5D3F23D6-7514-476B-8AD3-B6CAC480683C}
		{12C0E05C-91A7-447D-A2EC-F78E0B09BAC8} = {972CB031-5640-4D41-9517-F0DCD41D3D2D}
		{6DED8E92-1963-4D26-A129-0F6CA7BBBECC} = {972CB031-5640-4D41-9517-F0DCD41D3D2D}
		{76E49F35-0F80-4F54-8017-E015E49D4162} = {972CB031-5640-4D41-9517-F0DCD41D3D2D}
	EndGlobalSection
	GlobalSection(ExtensibilityGlobals) = postSolution
		SolutionGuid = {0176016F-282C-4E74-96D5-47D0F30C5686}
	EndGlobalSection
EndGlobal
